# This is a Gradle generated file for dependency locking.
# Manual edits can break the build and are not advised.
# This file is expected to be part of source control.
com.google.code.findbugs:jsr305:3.0.2=googleJavaFormat1.6
com.google.errorprone:error_prone_annotations:2.0.18=googleJavaFormat1.6
com.google.errorprone:javac-shaded:9+181-r4173-1=googleJavaFormat1.6
com.google.googlejavaformat:google-java-format:1.6=googleJavaFormat1.6
com.google.guava:guava:22.0=googleJavaFormat1.6
com.google.j2objc:j2objc-annotations:1.1=googleJavaFormat1.6
com.google.protobuf:protobuf-java:3.25.2=compileClasspath,compileProtoPath,testCompileClasspath,testCompileProtoPath,testRuntimeClasspath
com.google.protobuf:protoc:3.23.4=protobufToolsLocator_protoc
io.netty:netty-buffer:4.1.105.Final=testCompileClasspath,testCompileProtoPath,testRuntimeClasspath
io.netty:netty-common:4.1.105.Final=testCompileClasspath,testCompileProtoPath,testRuntimeClasspath
net.bytebuddy:byte-buddy:1.14.11=testCompileClasspath,testCompileProtoPath,testRuntimeClasspath
org.apiguardian:apiguardian-api:1.1.2=testCompileClasspath
org.assertj:assertj-core:3.25.1=testCompileClasspath,testCompileProtoPath,testRuntimeClasspath
org.codehaus.mojo:animal-sniffer-annotations:1.14=googleJavaFormat1.6
org.junit.jupiter:junit-jupiter-api:5.10.1=testCompileClasspath,testCompileProtoPath,testRuntimeClasspath
org.junit.jupiter:junit-jupiter-engine:5.10.1=testRuntimeClasspath
org.junit.jupiter:junit-jupiter-params:5.10.1=testCompileClasspath,testCompileProtoPath,testRuntimeClasspath
org.junit.platform:junit-platform-commons:1.10.1=testCompileClasspath,testCompileProtoPath,testRuntimeClasspath
org.junit.platform:junit-platform-engine:1.10.1=testRuntimeClasspath
org.junit:junit-bom:5.10.1=testCompileClasspath,testCompileProtoPath,testRuntimeClasspath
org.opentest4j:opentest4j:1.3.0=testCompileClasspath,testCompileProtoPath,testRuntimeClasspath
empty=annotationProcessor,protobuf,testAnnotationProcessor,testProtobuf
