# This is a Gradle generated file for dependency locking.
# Manual edits can break the build and are not advised.
# This file is expected to be part of source control.
com.google.code.findbugs:jsr305:3.0.2
io.netty:netty-buffer:4.1.76.Final
io.netty:netty-common:4.1.76.Final
io.reactivex.rxjava3:rxjava:3.1.4
org.reactivestreams:reactive-streams:1.0.3
