# This is a Gradle generated file for dependency locking.
# Manual edits can break the build and are not advised.
# This file is expected to be part of source control.
com.google.code.findbugs:jsr305:3.0.2
io.helidon.common:helidon-common-mapper:2.3.4
io.helidon.common:helidon-common-reactive:2.3.4
io.helidon.common:helidon-common-service-loader:2.3.4
io.helidon.common:helidon-common:2.3.4
io.netty:netty-buffer:4.1.72.Final
io.netty:netty-common:4.1.72.Final
jakarta.annotation:jakarta.annotation-api:1.3.5
